
Microsoft Visual Studio Solution File, Format Version 12.00
# Visual Studio Version 17
VisualStudioVersion = 17.3.32819.101
MinimumVisualStudioVersion = 10.0.40219.1
Project("{9A19103F-16F7-4668-BE54-9A1E7A4F7556}") = "ITForum.Api", "ITForum\ITForum.Api.csproj", "{F7B533AD-ED14-41D1-8429-503F6CB9468A}"
EndProject
Project("{2150E333-8FDC-42A3-9474-1A3956D46DE8}") = "Data", "Data", "{81115A08-FC87-458D-A581-9489E194FA64}"
EndProject
Project("{9A19103F-16F7-4668-BE54-9A1E7A4F7556}") = "ITForum.Domain", "ITForum.Domain\ITForum.Domain.csproj", "{2981703C-F515-4809-A2F6-636E25C84480}"
EndProject
Project("{2150E333-8FDC-42A3-9474-1A3956D46DE8}") = "BLL", "BLL", "{9EA206D6-257C-4FCA-ADFE-19B625AA2E30}"
EndProject
Project("{9A19103F-16F7-4668-BE54-9A1E7A4F7556}") = "ITForum.Application", "ITForum.Application\ITForum.Application.csproj", "{80ECB96A-95AD-4997-A713-E9A21DE7EC55}"
EndProject
Project("{9A19103F-16F7-4668-BE54-9A1E7A4F7556}") = "ITForum.Persistance", "ITForum.Persistance\ITForum.Persistance.csproj", "{955BB9CA-FD13-4B07-A235-53065A5346D1}"
	ProjectSection(ProjectDependencies) = postProject
		{2981703C-F515-4809-A2F6-636E25C84480} = {2981703C-F515-4809-A2F6-636E25C84480}
	EndProjectSection
EndProject
Project("{2150E333-8FDC-42A3-9474-1A3956D46DE8}") = "Tests", "Tests", "{5C961F28-243D-4ED8-A8AB-2C14F1472E26}"
EndProject
Project("{FAE04EC0-301F-11D3-BF4B-00C04F79EFBC}") = "ITForum.Tests", "ITForum.Tests\ITForum.Tests.csproj", "{94AC7881-898F-4A3E-BC16-42CE492DB769}"
EndProject
Global
	GlobalSection(SolutionConfigurationPlatforms) = preSolution
		Debug|Any CPU = Debug|Any CPU
		Release|Any CPU = Release|Any CPU
	EndGlobalSection
	GlobalSection(ProjectConfigurationPlatforms) = postSolution
		{F7B533AD-ED14-41D1-8429-503F6CB9468A}.Debug|Any CPU.ActiveCfg = Debug|Any CPU
		{F7B533AD-ED14-41D1-8429-503F6CB9468A}.Debug|Any CPU.Build.0 = Debug|Any CPU
		{F7B533AD-ED14-41D1-8429-503F6CB9468A}.Release|Any CPU.ActiveCfg = Release|Any CPU
		{F7B533AD-ED14-41D1-8429-503F6CB9468A}.Release|Any CPU.Build.0 = Release|Any CPU
		{2981703C-F515-4809-A2F6-636E25C84480}.Debug|Any CPU.ActiveCfg = Debug|Any CPU
		{2981703C-F515-4809-A2F6-636E25C84480}.Debug|Any CPU.Build.0 = Debug|Any CPU
		{2981703C-F515-4809-A2F6-636E25C84480}.Release|Any CPU.ActiveCfg = Release|Any CPU
		{2981703C-F515-4809-A2F6-636E25C84480}.Release|Any CPU.Build.0 = Release|Any CPU
		{80ECB96A-95AD-4997-A713-E9A21DE7EC55}.Debug|Any CPU.ActiveCfg = Debug|Any CPU
		{80ECB96A-95AD-4997-A713-E9A21DE7EC55}.Debug|Any CPU.Build.0 = Debug|Any CPU
		{80ECB96A-95AD-4997-A713-E9A21DE7EC55}.Release|Any CPU.ActiveCfg = Release|Any CPU
		{80ECB96A-95AD-4997-A713-E9A21DE7EC55}.Release|Any CPU.Build.0 = Release|Any CPU
		{955BB9CA-FD13-4B07-A235-53065A5346D1}.Debug|Any CPU.ActiveCfg = Debug|Any CPU
		{955BB9CA-FD13-4B07-A235-53065A5346D1}.Debug|Any CPU.Build.0 = Debug|Any CPU
		{955BB9CA-FD13-4B07-A235-53065A5346D1}.Release|Any CPU.ActiveCfg = Release|Any CPU
		{955BB9CA-FD13-4B07-A235-53065A5346D1}.Release|Any CPU.Build.0 = Release|Any CPU
		{94AC7881-898F-4A3E-BC16-42CE492DB769}.Debug|Any CPU.ActiveCfg = Debug|Any CPU
		{94AC7881-898F-4A3E-BC16-42CE492DB769}.Debug|Any CPU.Build.0 = Debug|Any CPU
		{94AC7881-898F-4A3E-BC16-42CE492DB769}.Release|Any CPU.ActiveCfg = Release|Any CPU
		{94AC7881-898F-4A3E-BC16-42CE492DB769}.Release|Any CPU.Build.0 = Release|Any CPU
	EndGlobalSection
	GlobalSection(SolutionProperties) = preSolution
		HideSolutionNode = FALSE
	EndGlobalSection
	GlobalSection(NestedProjects) = preSolution
		{2981703C-F515-4809-A2F6-636E25C84480} = {81115A08-FC87-458D-A581-9489E194FA64}
		{80ECB96A-95AD-4997-A713-E9A21DE7EC55} = {9EA206D6-257C-4FCA-ADFE-19B625AA2E30}
		{94AC7881-898F-4A3E-BC16-42CE492DB769} = {5C961F28-243D-4ED8-A8AB-2C14F1472E26}
	EndGlobalSection
	GlobalSection(ExtensibilityGlobals) = postSolution
		SolutionGuid = {878B0363-0EEC-4830-8672-708F2C77E702}
	EndGlobalSection
EndGlobal
